
Microsoft Visual Studio Solution File, Format Version 12.00
# Visual Studio Version 17
VisualStudioVersion = 17.11.35327.3
MinimumVisualStudioVersion = 10.0.40219.1
Project("{FAE04EC0-301F-11D3-BF4B-00C04F79EFBC}") = "ContactAPI_Bhd", "ContactAPI_Bhd\ContactAPI_Bhd.csproj", "{EF450C2C-A30D-4B3A-8A41-42A4A9F1DBF9}"
EndProject
Global
	GlobalSection(SolutionConfigurationPlatforms) = preSolution
		Debug|Any CPU = Debug|Any CPU
		Release|Any CPU = Release|Any CPU
	EndGlobalSection
	GlobalSection(ProjectConfigurationPlatforms) = postSolution
		{EF450C2C-A30D-4B3A-8A41-42A4A9F1DBF9}.Debug|Any CPU.ActiveCfg = Debug|Any CPU
		{EF450C2C-A30D-4B3A-8A41-42A4A9F1DBF9}.Debug|Any CPU.Build.0 = Debug|Any CPU
		{EF450C2C-A30D-4B3A-8A41-42A4A9F1DBF9}.Release|Any CPU.ActiveCfg = Release|Any CPU
		{EF450C2C-A30D-4B3A-8A41-42A4A9F1DBF9}.Release|Any CPU.Build.0 = Release|Any CPU
	EndGlobalSection
	GlobalSection(SolutionProperties) = preSolution
		HideSolutionNode = FALSE
	EndGlobalSection
	GlobalSection(ExtensibilityGlobals) = postSolution
		SolutionGuid = {B96B4334-8AC9-41E5-86D2-83ABB697ACC6}
	EndGlobalSection
EndGlobal
